
Microsoft Visual Studio Solution File, Format Version 12.00
# Visual Studio Version 17
VisualStudioVersion = 17.5.33516.290
MinimumVisualStudioVersion = 10.0.40219.1
Project("{FAE04EC0-301F-11D3-BF4B-00C04F79EFBC}") = "WebApp-test", "WebApp-test.csproj", "{5F841A5A-E6D3-4958-A75E-50130D2E2CEF}"
EndProject
Global
	GlobalSection(SolutionConfigurationPlatforms) = preSolution
		Debug|Any CPU = Debug|Any CPU
		Release|Any CPU = Release|Any CPU
	EndGlobalSection
	GlobalSection(ProjectConfigurationPlatforms) = postSolution
		{5F841A5A-E6D3-4958-A75E-50130D2E2CEF}.Debug|Any CPU.ActiveCfg = Debug|Any CPU
		{5F841A5A-E6D3-4958-A75E-50130D2E2CEF}.Debug|Any CPU.Build.0 = Debug|Any CPU
		{5F841A5A-E6D3-4958-A75E-50130D2E2CEF}.Release|Any CPU.ActiveCfg = Release|Any CPU
		{5F841A5A-E6D3-4958-A75E-50130D2E2CEF}.Release|Any CPU.Build.0 = Release|Any CPU
	EndGlobalSection
	GlobalSection(SolutionProperties) = preSolution
		HideSolutionNode = FALSE
	EndGlobalSection
	GlobalSection(ExtensibilityGlobals) = postSolution
		SolutionGuid = {051E6621-E0D9-4E27-91B0-4A69D2EDB385}
	EndGlobalSection
EndGlobal
